
Microsoft Visual Studio Solution File, Format Version 12.00
# Visual Studio Version 16
VisualStudioVersion = 16.0.29306.81
MinimumVisualStudioVersion = 10.0.40219.1
Project("{FAE04EC0-301F-11D3-BF4B-00C04F79EFBC}") = "CC_Lab", "CC_Lab\CC_Lab.csproj", "{3F4876B9-3374-4A2D-93AE-CD90C20ACB22}"
EndProject
Global
	GlobalSection(SolutionConfigurationPlatforms) = preSolution
		Debug|Any CPU = Debug|Any CPU
		Release|Any CPU = Release|Any CPU
	EndGlobalSection
	GlobalSection(ProjectConfigurationPlatforms) = postSolution
		{3F4876B9-3374-4A2D-93AE-CD90C20ACB22}.Debug|Any CPU.ActiveCfg = Debug|Any CPU
		{3F4876B9-3374-4A2D-93AE-CD90C20ACB22}.Debug|Any CPU.Build.0 = Debug|Any CPU
		{3F4876B9-3374-4A2D-93AE-CD90C20ACB22}.Release|Any CPU.ActiveCfg = Release|Any CPU
		{3F4876B9-3374-4A2D-93AE-CD90C20ACB22}.Release|Any CPU.Build.0 = Release|Any CPU
	EndGlobalSection
	GlobalSection(SolutionProperties) = preSolution
		HideSolutionNode = FALSE
	EndGlobalSection
	GlobalSection(ExtensibilityGlobals) = postSolution
		SolutionGuid = {9C24D1B8-254A-4336-85BE-CABF434AA19D}
	EndGlobalSection
EndGlobal
